
Microsoft Visual Studio Solution File, Format Version 11.00
# Visual Studio 2010
Project("{FAE04EC0-301F-11D3-BF4B-00C04F79EFBC}") = "BulkAssetDownload", "BulkAssetDownload.csproj", "{833A169B-CED0-41DA-82AF-6A09E69D42CD}"
EndProject
Project("{2150E333-8FDC-42A3-9474-1A3956D46DE8}") = "lib", "lib", "{7C525DF4-749D-4E75-AEC4-10C443DD5F87}"
	ProjectSection(SolutionItems) = preProject
		lib\Ionic.Zip.dll = lib\Ionic.Zip.dll
	EndProjectSection
EndProject
Global
	GlobalSection(SolutionConfigurationPlatforms) = preSolution
		Debug|Any CPU = Debug|Any CPU
		Release|Any CPU = Release|Any CPU
	EndGlobalSection
	GlobalSection(ProjectConfigurationPlatforms) = postSolution
		{833A169B-CED0-41DA-82AF-6A09E69D42CD}.Debug|Any CPU.ActiveCfg = Debug|Any CPU
		{833A169B-CED0-41DA-82AF-6A09E69D42CD}.Debug|Any CPU.Build.0 = Debug|Any CPU
		{833A169B-CED0-41DA-82AF-6A09E69D42CD}.Debug|Any CPU.Deploy.0 = Debug|Any CPU
		{833A169B-CED0-41DA-82AF-6A09E69D42CD}.Release|Any CPU.ActiveCfg = Release|Any CPU
		{833A169B-CED0-41DA-82AF-6A09E69D42CD}.Release|Any CPU.Build.0 = Release|Any CPU
		{833A169B-CED0-41DA-82AF-6A09E69D42CD}.Release|Any CPU.Deploy.0 = Release|Any CPU
	EndGlobalSection
	GlobalSection(SolutionProperties) = preSolution
		HideSolutionNode = FALSE
	EndGlobalSection
EndGlobal
